
Microsoft Visual Studio Solution File, Format Version 12.00
# Visual Studio Version 16
VisualStudioVersion = 16.0.29102.190
MinimumVisualStudioVersion = 10.0.40219.1
Project("{FAE04EC0-301F-11D3-BF4B-00C04F79EFBC}") = "Memberships", "Memberships\Memberships.csproj", "{873EC8BC-C436-4C96-932F-6F680E870107}"
EndProject
Project("{FAE04EC0-301F-11D3-BF4B-00C04F79EFBC}") = "Memberships.Tests", "Memberships.Tests\Memberships.Tests.csproj", "{70E31256-8363-4A16-B94B-9D7DFA6AF66C}"
EndProject
Global
	GlobalSection(SolutionConfigurationPlatforms) = preSolution
		Debug|Any CPU = Debug|Any CPU
		Release|Any CPU = Release|Any CPU
	EndGlobalSection
	GlobalSection(ProjectConfigurationPlatforms) = postSolution
		{873EC8BC-C436-4C96-932F-6F680E870107}.Debug|Any CPU.ActiveCfg = Debug|Any CPU
		{873EC8BC-C436-4C96-932F-6F680E870107}.Debug|Any CPU.Build.0 = Debug|Any CPU
		{873EC8BC-C436-4C96-932F-6F680E870107}.Release|Any CPU.ActiveCfg = Release|Any CPU
		{873EC8BC-C436-4C96-932F-6F680E870107}.Release|Any CPU.Build.0 = Release|Any CPU
		{70E31256-8363-4A16-B94B-9D7DFA6AF66C}.Debug|Any CPU.ActiveCfg = Debug|Any CPU
		{70E31256-8363-4A16-B94B-9D7DFA6AF66C}.Debug|Any CPU.Build.0 = Debug|Any CPU
		{70E31256-8363-4A16-B94B-9D7DFA6AF66C}.Release|Any CPU.ActiveCfg = Release|Any CPU
		{70E31256-8363-4A16-B94B-9D7DFA6AF66C}.Release|Any CPU.Build.0 = Release|Any CPU
	EndGlobalSection
	GlobalSection(SolutionProperties) = preSolution
		HideSolutionNode = FALSE
	EndGlobalSection
	GlobalSection(ExtensibilityGlobals) = postSolution
		SolutionGuid = {563459D2-DE69-4C1A-B1BB-784135BBD3DF}
	EndGlobalSection
EndGlobal
